
Microsoft Visual Studio Solution File, Format Version 12.00
# Visual Studio Version 17
VisualStudioVersion = 17.13.35828.75 d17.13
MinimumVisualStudioVersion = 10.0.40219.1
Project("{FAE04EC0-301F-11D3-BF4B-00C04F79EFBC}") = "TranslateRESX", "TranslateRESX\TranslateRESX.csproj", "{58CCFD16-59AB-4F0F-B933-E0E32F8FC8C8}"
EndProject
Project("{FAE04EC0-301F-11D3-BF4B-00C04F79EFBC}") = "TranslateRESX.Core", "TranslateRESX.Core\TranslateRESX.Core.csproj", "{6D275BC6-268B-452F-AAA9-8FECD411DEDA}"
EndProject
Project("{FAE04EC0-301F-11D3-BF4B-00C04F79EFBC}") = "TranslateRESX.Domain", "TranslateRESX.Domain\TranslateRESX.Domain.csproj", "{75146ED9-3979-48CC-B3D4-18061B030699}"
EndProject
Project("{FAE04EC0-301F-11D3-BF4B-00C04F79EFBC}") = "TranslateRESX.Db", "TranslateRESX.Db\TranslateRESX.Db.csproj", "{D911E8D5-5027-4A82-90EF-333732122BB6}"
EndProject
Global
	GlobalSection(SolutionConfigurationPlatforms) = preSolution
		Debug|Any CPU = Debug|Any CPU
		Release|Any CPU = Release|Any CPU
	EndGlobalSection
	GlobalSection(ProjectConfigurationPlatforms) = postSolution
		{58CCFD16-59AB-4F0F-B933-E0E32F8FC8C8}.Debug|Any CPU.ActiveCfg = Debug|Any CPU
		{58CCFD16-59AB-4F0F-B933-E0E32F8FC8C8}.Debug|Any CPU.Build.0 = Debug|Any CPU
		{58CCFD16-59AB-4F0F-B933-E0E32F8FC8C8}.Release|Any CPU.ActiveCfg = Release|Any CPU
		{58CCFD16-59AB-4F0F-B933-E0E32F8FC8C8}.Release|Any CPU.Build.0 = Release|Any CPU
		{6D275BC6-268B-452F-AAA9-8FECD411DEDA}.Debug|Any CPU.ActiveCfg = Debug|Any CPU
		{6D275BC6-268B-452F-AAA9-8FECD411DEDA}.Debug|Any CPU.Build.0 = Debug|Any CPU
		{6D275BC6-268B-452F-AAA9-8FECD411DEDA}.Release|Any CPU.ActiveCfg = Release|Any CPU
		{6D275BC6-268B-452F-AAA9-8FECD411DEDA}.Release|Any CPU.Build.0 = Release|Any CPU
		{75146ED9-3979-48CC-B3D4-18061B030699}.Debug|Any CPU.ActiveCfg = Debug|Any CPU
		{75146ED9-3979-48CC-B3D4-18061B030699}.Debug|Any CPU.Build.0 = Debug|Any CPU
		{75146ED9-3979-48CC-B3D4-18061B030699}.Release|Any CPU.ActiveCfg = Release|Any CPU
		{75146ED9-3979-48CC-B3D4-18061B030699}.Release|Any CPU.Build.0 = Release|Any CPU
		{D911E8D5-5027-4A82-90EF-333732122BB6}.Debug|Any CPU.ActiveCfg = Debug|Any CPU
		{D911E8D5-5027-4A82-90EF-333732122BB6}.Debug|Any CPU.Build.0 = Debug|Any CPU
		{D911E8D5-5027-4A82-90EF-333732122BB6}.Release|Any CPU.ActiveCfg = Release|Any CPU
		{D911E8D5-5027-4A82-90EF-333732122BB6}.Release|Any CPU.Build.0 = Release|Any CPU
	EndGlobalSection
	GlobalSection(SolutionProperties) = preSolution
		HideSolutionNode = FALSE
	EndGlobalSection
	GlobalSection(ExtensibilityGlobals) = postSolution
		SolutionGuid = {BAC893EE-A833-4200-940D-7124B04B6293}
	EndGlobalSection
EndGlobal
